
Microsoft Visual Studio Solution File, Format Version 12.00
# Visual Studio 15
VisualStudioVersion = 15.0.28307.572
MinimumVisualStudioVersion = 10.0.40219.1
Project("{FAE04EC0-301F-11D3-BF4B-00C04F79EFBC}") = "Iterator", "Iterator\Iterator.csproj", "{6323EABA-045C-4426-A010-223821218A63}"
EndProject
Global
	GlobalSection(SolutionConfigurationPlatforms) = preSolution
		Debug|Any CPU = Debug|Any CPU
		Release|Any CPU = Release|Any CPU
	EndGlobalSection
	GlobalSection(ProjectConfigurationPlatforms) = postSolution
		{6323EABA-045C-4426-A010-223821218A63}.Debug|Any CPU.ActiveCfg = Debug|Any CPU
		{6323EABA-045C-4426-A010-223821218A63}.Debug|Any CPU.Build.0 = Debug|Any CPU
		{6323EABA-045C-4426-A010-223821218A63}.Release|Any CPU.ActiveCfg = Release|Any CPU
		{6323EABA-045C-4426-A010-223821218A63}.Release|Any CPU.Build.0 = Release|Any CPU
	EndGlobalSection
	GlobalSection(SolutionProperties) = preSolution
		HideSolutionNode = FALSE
	EndGlobalSection
	GlobalSection(ExtensibilityGlobals) = postSolution
		SolutionGuid = {AD3F0ECA-5DE6-45BC-B8FA-0400756947F0}
	EndGlobalSection
EndGlobal
